
Microsoft Visual Studio Solution File, Format Version 12.00
# Visual Studio 15
VisualStudioVersion = 15.0.27703.2000
MinimumVisualStudioVersion = 10.0.40219.1
Project("{FAE04EC0-301F-11D3-BF4B-00C04F79EFBC}") = "PresentationLayer", "PresentationLayer\PresentationLayer.csproj", "{BC9C2FCA-6ED5-445C-B3DE-4D1EE4926069}"
EndProject
Project("{FAE04EC0-301F-11D3-BF4B-00C04F79EFBC}") = "BLL", "BLL\BLL.csproj", "{29884FC7-98D6-4D49-A1F7-4FC15B014A9D}"
EndProject
Project("{FAE04EC0-301F-11D3-BF4B-00C04F79EFBC}") = "DAL", "DAL\DAL.csproj", "{038BED5D-6791-4B9A-9BC6-FEF36D4AFF19}"
EndProject
Global
	GlobalSection(SolutionConfigurationPlatforms) = preSolution
		Debug|Any CPU = Debug|Any CPU
		Release|Any CPU = Release|Any CPU
	EndGlobalSection
	GlobalSection(ProjectConfigurationPlatforms) = postSolution
		{BC9C2FCA-6ED5-445C-B3DE-4D1EE4926069}.Debug|Any CPU.ActiveCfg = Debug|Any CPU
		{BC9C2FCA-6ED5-445C-B3DE-4D1EE4926069}.Debug|Any CPU.Build.0 = Debug|Any CPU
		{BC9C2FCA-6ED5-445C-B3DE-4D1EE4926069}.Release|Any CPU.ActiveCfg = Release|Any CPU
		{BC9C2FCA-6ED5-445C-B3DE-4D1EE4926069}.Release|Any CPU.Build.0 = Release|Any CPU
		{29884FC7-98D6-4D49-A1F7-4FC15B014A9D}.Debug|Any CPU.ActiveCfg = Debug|Any CPU
		{29884FC7-98D6-4D49-A1F7-4FC15B014A9D}.Debug|Any CPU.Build.0 = Debug|Any CPU
		{29884FC7-98D6-4D49-A1F7-4FC15B014A9D}.Release|Any CPU.ActiveCfg = Release|Any CPU
		{29884FC7-98D6-4D49-A1F7-4FC15B014A9D}.Release|Any CPU.Build.0 = Release|Any CPU
		{038BED5D-6791-4B9A-9BC6-FEF36D4AFF19}.Debug|Any CPU.ActiveCfg = Debug|Any CPU
		{038BED5D-6791-4B9A-9BC6-FEF36D4AFF19}.Debug|Any CPU.Build.0 = Debug|Any CPU
		{038BED5D-6791-4B9A-9BC6-FEF36D4AFF19}.Release|Any CPU.ActiveCfg = Release|Any CPU
		{038BED5D-6791-4B9A-9BC6-FEF36D4AFF19}.Release|Any CPU.Build.0 = Release|Any CPU
	EndGlobalSection
	GlobalSection(SolutionProperties) = preSolution
		HideSolutionNode = FALSE
	EndGlobalSection
	GlobalSection(ExtensibilityGlobals) = postSolution
		SolutionGuid = {45EC2FDE-7650-42F8-A0DC-E0152B66D5EB}
	EndGlobalSection
EndGlobal
